// !$*UTF8*$!
{
	archiveVersion = 1;
	classes = {
	};
	objectVersion = 46;
	objects = {

/* Begin PBXBuildFile section */
		745795751D1BE47D00087BC7 /* AppDelegate.swift in Sources */ = {isa = PBXBuildFile; fileRef = 745795741D1BE47D00087BC7 /* AppDelegate.swift */; };
		745795771D1BE47D00087BC7 /* ViewController.swift in Sources */ = {isa = PBXBuildFile; fileRef = 745795761D1BE47D00087BC7 /* ViewController.swift */; };
		7457957C1D1BE47D00087BC7 /* Assets.xcassets in Resources */ = {isa = PBXBuildFile; fileRef = 7457957B1D1BE47D00087BC7 /* Assets.xcassets */; };
		7457957F1D1BE47D00087BC7 /* LaunchScreen.storyboard in Resources */ = {isa = PBXBuildFile; fileRef = 7457957D1D1BE47D00087BC7 /* LaunchScreen.storyboard */; };
/* End PBXBuildFile section */

/* Begin PBXFileReference section */
		745795711D1BE47D00087BC7 /* UILayoutSample.app */ = {isa = PBXFileReference; explicitFileType = wrapper.application; includeInIndex = 0; path = UILayoutSample.app; sourceTree = BUILT_PRODUCTS_DIR; };
		745795741D1BE47D00087BC7 /* AppDelegate.swift */ = {isa = PBXFileReference; lastKnownFileType = sourcecode.swift; path = AppDelegate.swift; sourceTree = "<group>"; };
		745795761D1BE47D00087BC7 /* ViewController.swift */ = {isa = PBXFileReference; lastKnownFileType = sourcecode.swift; path = ViewController.swift; sourceTree = "<group>"; };
		7457957B1D1BE47D00087BC7 /* Assets.xcassets */ = {isa = PBXFileReference; lastKnownFileType = folder.assetcatalog; path = Assets.xcassets; sourceTree = "<group>"; };
		7457957E1D1BE47D00087BC7 /* Base */ = {isa = PBXFileReference; lastKnownFileType = file.storyboard; name = Base; path = Base.lproj/LaunchScreen.storyboard; sourceTree = "<group>"; };
		745795801D1BE47D00087BC7 /* Info.plist */ = {isa = PBXFileReference; lastKnownFileType = text.plist.xml; path = Info.plist; sourceTree = "<group>"; };
/* End PBXFileReference section */

/* Begin PBXFrameworksBuildPhase section */
		7457956E1D1BE47D00087BC7 /* Frameworks */ = {
			isa = PBXFrameworksBuildPhase;
			buildActionMask = 2147483647;
			files = (
			);
			runOnlyForDeploymentPostprocessing = 0;
		};
/* End PBXFrameworksBuildPhase section */

/* Begin PBXGroup section */
		745795681D1BE47D00087BC7 = {
			isa = PBXGroup;
			children = (
				745795731D1BE47D00087BC7 /* UILayoutSample */,
				745795721D1BE47D00087BC7 /* Products */,
			);
			sourceTree = "<group>";
		};
		745795721D1BE47D00087BC7 /* Products */ = {
			isa = PBXGroup;
			children = (
				745795711D1BE47D00087BC7 /* UILayoutSample.app */,
			);
			name = Products;
			sourceTree = "<group>";
		};
		745795731D1BE47D00087BC7 /* UILayoutSample */ = {
			isa = PBXGroup;
			children = (
				745795861D1BE4A900087BC7 /* NaviAndStack */,
				7457957B1D1BE47D00087BC7 /* Assets.xcassets */,
				7457957D1D1BE47D00087BC7 /* LaunchScreen.storyboard */,
				745795801D1BE47D00087BC7 /* Info.plist */,
			);
			path = UILayoutSample;
			sourceTree = "<group>";
		};
		745795861D1BE4A900087BC7 /* NaviAndStack */ = {
			isa = PBXGroup;
			children = (
				745795741D1BE47D00087BC7 /* AppDelegate.swift */,
				745795761D1BE47D00087BC7 /* ViewController.swift */,
			);
			name = NaviAndStack;
			sourceTree = "<group>";
		};
/* End PBXGroup section */

/* Begin PBXNativeTarget section */
		745795701D1BE47D00087BC7 /* UILayoutSample */ = {
			isa = PBXNativeTarget;
			buildConfigurationList = 745795831D1BE47D00087BC7 /* Build configuration list for PBXNativeTarget "UILayoutSample" */;
			buildPhases = (
				7457956D1D1BE47D00087BC7 /* Sources */,
				7457956E1D1BE47D00087BC7 /* Frameworks */,
				7457956F1D1BE47D00087BC7 /* Resources */,
			);
			buildRules = (
			);
			dependencies = (
			);
			name = UILayoutSample;
			productName = UILayoutSample;
			productReference = 745795711D1BE47D00087BC7 /* UILayoutSample.app */;
			productType = "com.apple.product-type.application";
		};
/* End PBXNativeTarget section */

/* Begin PBXProject section */
		745795691D1BE47D00087BC7 /* Project object */ = {
			isa = PBXProject;
			attributes = {
				LastSwiftUpdateCheck = 0730;
				LastUpgradeCheck = 0730;
				ORGANIZATIONNAME = SeoDongHee;
				TargetAttributes = {
					745795701D1BE47D00087BC7 = {
						CreatedOnToolsVersion = 7.3.1;
					};
				};
			};
			buildConfigurationList = 7457956C1D1BE47D00087BC7 /* Build configuration list for PBXProject "UILayoutSample" */;
			compatibilityVersion = "Xcode 3.2";
			developmentRegion = English;
			hasScannedForEncodings = 0;
			knownRegions = (
				en,
				Base,
			);
			mainGroup = 745795681D1BE47D00087BC7;
			productRefGroup = 745795721D1BE47D00087BC7 /* Products */;
			projectDirPath = "";
			projectRoot = "";
			targets = (
				745795701D1BE47D00087BC7 /* UILayoutSample */,
			);
		};
/* End PBXProject section */

/* Begin PBXResourcesBuildPhase section */
		7457956F1D1BE47D00087BC7 /* Resources */ = {
			isa = PBXResourcesBuildPhase;
			buildActionMask = 2147483647;
			files = (
				7457957F1D1BE47D00087BC7 /* LaunchScreen.storyboard in Resources */,
				7457957C1D1BE47D00087BC7 /* Assets.xcassets in Resources */,
			);
			runOnlyForDeploymentPostprocessing = 0;
		};
/* End PBXResourcesBuildPhase section */

/* Begin PBXSourcesBuildPhase section */
		7457956D1D1BE47D00087BC7 /* Sources */ = {
			isa = PBXSourcesBuildPhase;
			buildActionMask = 2147483647;
			files = (
				745795771D1BE47D00087BC7 /* ViewController.swift in Sources */,
				745795751D1BE47D00087BC7 /* AppDelegate.swift in Sources */,
			);
			runOnlyForDeploymentPostprocessing = 0;
		};
/* End PBXSourcesBuildPhase section */

/* Begin PBXVariantGroup section */
		7457957D1D1BE47D00087BC7 /* LaunchScreen.storyboard */ = {
			isa = PBXVariantGroup;
			children = (
				7457957E1D1BE47D00087BC7 /* Base */,
			);
			name = LaunchScreen.storyboard;
			sourceTree = "<group>";
		};
/* End PBXVariantGroup section */

/* Begin XCBuildConfiguration section */
		745795811D1BE47D00087BC7 /* Debug */ = {
			isa = XCBuildConfiguration;
			buildSettings = {
				ALWAYS_SEARCH_USER_PATHS = NO;
				CLANG_ANALYZER_NONNULL = YES;
				CLANG_CXX_LANGUAGE_STANDARD = "gnu++0x";
				CLANG_CXX_LIBRARY = "libc++";
				CLANG_ENABLE_MODULES = YES;
				CLANG_ENABLE_OBJC_ARC = YES;
				CLANG_WARN_BOOL_CONVERSION = YES;
				CLANG_WARN_CONSTANT_CONVERSION = YES;
				CLANG_WARN_DIRECT_OBJC_ISA_USAGE = YES_ERROR;
				CLANG_WARN_EMPTY_BODY = YES;
				CLANG_WARN_ENUM_CONVERSION = YES;
				CLANG_WARN_INT_CONVERSION = YES;
				CLANG_WARN_OBJC_ROOT_CLASS = YES_ERROR;
				CLANG_WARN_UNREACHABLE_CODE = YES;
				CLANG_WARN__DUPLICATE_METHOD_MATCH = YES;
				"CODE_SIGN_IDENTITY[sdk=iphoneos*]" = "iPhone Developer";
				COPY_PHASE_STRIP = NO;
				DEBUG_INFORMATION_FORMAT = dwarf;
				ENABLE_STRICT_OBJC_MSGSEND = YES;
				ENABLE_TESTABILITY = YES;
				GCC_C_LANGUAGE_STANDARD = gnu99;
				GCC_DYNAMIC_NO_PIC = NO;
				GCC_NO_COMMON_BLOCKS = YES;
				GCC_OPTIMIZATION_LEVEL = 0;
				GCC_PREPROCESSOR_DEFINITIONS = (
					"DEBUG=1",
					"$(inherited)",
				);
				GCC_WARN_64_TO_32_BIT_CONVERSION = YES;
				GCC_WARN_ABOUT_RETURN_TYPE = YES_ERROR;
				GCC_WARN_UNDECLARED_SELECTOR = YES;
				GCC_WARN_UNINITIALIZED_AUTOS = YES_AGGRESSIVE;
				GCC_WARN_UNUSED_FUNCTION = YES;
				GCC_WARN_UNUSED_VARIABLE = YES;
				IPHONEOS_DEPLOYMENT_TARGET = 9.3;
				MTL_ENABLE_DEBUG_INFO = YES;
				ONLY_ACTIVE_ARCH = YES;
				SDKROOT = iphoneos;
				SWIFT_OPTIMIZATION_LEVEL = "-Onone";
				TARGETED_DEVICE_FAMILY = "1,2";
			};
			name = Debug;
		};
		745795821D1BE47D00087BC7 /* Release */ = {
			isa = XCBuildConfiguration;
			buildSettings = {
				ALWAYS_SEARCH_USER_PATHS = NO;
				CLANG_ANALYZER_NONNULL = YES;
				CLANG_CXX_LANGUAGE_STANDARD = "gnu++0x";
				CLANG_CXX_LIBRARY = "libc++";
				CLANG_ENABLE_MODULES = YES;
				CLANG_ENABLE_OBJC_ARC = YES;
				CLANG_WARN_BOOL_CONVERSION = YES;
				CLANG_WARN_CONSTANT_CONVERSION = YES;
				CLANG_WARN_DIRECT_OBJC_ISA_USAGE = YES_ERROR;
				CLANG_WARN_EMPTY_BODY = YES;
				CLANG_WARN_ENUM_CONVERSION = YES;
				CLANG_WARN_INT_CONVERSION = YES;
				CLANG_WARN_OBJC_ROOT_CLASS = YES_ERROR;
				CLANG_WARN_UNREACHABLE_CODE = YES;
				CLANG_WARN__DUPLICATE_METHOD_MATCH = YES;
				"CODE_SIGN_IDENTITY[sdk=iphoneos*]" = "iPhone Developer";
				COPY_PHASE_STRIP = NO;
				DEBUG_INFORMATION_FORMAT = "dwarf-with-dsym";
				ENABLE_NS_ASSERTIONS = NO;
				ENABLE_STRICT_OBJC_MSGSEND = YES;
				GCC_C_LANGUAGE_STANDARD = gnu99;
				GCC_NO_COMMON_BLOCKS = YES;
				GCC_WARN_64_TO_32_BIT_CONVERSION = YES;
				GCC_WARN_ABOUT_RETURN_TYPE = YES_ERROR;
				GCC_WARN_UNDECLARED_SELECTOR = YES;
				GCC_WARN_UNINITIALIZED_AUTOS = YES_AGGRESSIVE;
				GCC_WARN_UNUSED_FUNCTION = YES;
				GCC_WARN_UNUSED_VARIABLE = YES;
				IPHONEOS_DEPLOYMENT_TARGET = 9.3;
				MTL_ENABLE_DEBUG_INFO = NO;
				SDKROOT = iphoneos;
				TARGETED_DEVICE_FAMILY = "1,2";
				VALIDATE_PRODUCT = YES;
			};
			name = Release;
		};
		745795841D1BE47D00087BC7 /* Debug */ = {
			isa = XCBuildConfiguration;
			buildSettings = {
				ASSETCATALOG_COMPILER_APPICON_NAME = AppIcon;
				INFOPLIST_FILE = UILayoutSample/Info.plist;
				LD_RUNPATH_SEARCH_PATHS = "$(inherited) @executable_path/Frameworks";
				PRODUCT_BUNDLE_IDENTIFIER = com.songahbie.UILayoutSample;
				PRODUCT_NAME = "$(TARGET_NAME)";
			};
			name = Debug;
		};
		745795851D1BE47D00087BC7 /* Release */ = {
			isa = XCBuildConfiguration;
			buildSettings = {
				ASSETCATALOG_COMPILER_APPICON_NAME = AppIcon;
				INFOPLIST_FILE = UILayoutSample/Info.plist;
				LD_RUNPATH_SEARCH_PATHS = "$(inherited) @executable_path/Frameworks";
				PRODUCT_BUNDLE_IDENTIFIER = com.songahbie.UILayoutSample;
				PRODUCT_NAME = "$(TARGET_NAME)";
			};
			name = Release;
		};
/* End XCBuildConfiguration section */

/* Begin XCConfigurationList section */
		7457956C1D1BE47D00087BC7 /* Build configuration list for PBXProject "UILayoutSample" */ = {
			isa = XCConfigurationList;
			buildConfigurations = (
				745795811D1BE47D00087BC7 /* Debug */,
				745795821D1BE47D00087BC7 /* Release */,
			);
			defaultConfigurationIsVisible = 0;
			defaultConfigurationName = Release;
		};
		745795831D1BE47D00087BC7 /* Build configuration list for PBXNativeTarget "UILayoutSample" */ = {
			isa = XCConfigurationList;
			buildConfigurations = (
				745795841D1BE47D00087BC7 /* Debug */,
				745795851D1BE47D00087BC7 /* Release */,
			);
			defaultConfigurationIsVisible = 0;
		};
/* End XCConfigurationList section */
	};
	rootObject = 745795691D1BE47D00087BC7 /* Project object */;
}
